
Microsoft Visual Studio Solution File, Format Version 12.00
# Visual Studio Version 17
VisualStudioVersion = 17.11.35327.3
MinimumVisualStudioVersion = 10.0.40219.1
Project("{FAE04EC0-301F-11D3-BF4B-00C04F79EFBC}") = "InheritanceAssignment", "InheritanceAssignment\InheritanceAssignment.csproj", "{800D0D98-9940-4629-94D9-B8A1C21C3DC9}"
EndProject
Global
	GlobalSection(SolutionConfigurationPlatforms) = preSolution
		Debug|Any CPU = Debug|Any CPU
		Release|Any CPU = Release|Any CPU
	EndGlobalSection
	GlobalSection(ProjectConfigurationPlatforms) = postSolution
		{800D0D98-9940-4629-94D9-B8A1C21C3DC9}.Debug|Any CPU.ActiveCfg = Debug|Any CPU
		{800D0D98-9940-4629-94D9-B8A1C21C3DC9}.Debug|Any CPU.Build.0 = Debug|Any CPU
		{800D0D98-9940-4629-94D9-B8A1C21C3DC9}.Release|Any CPU.ActiveCfg = Release|Any CPU
		{800D0D98-9940-4629-94D9-B8A1C21C3DC9}.Release|Any CPU.Build.0 = Release|Any CPU
	EndGlobalSection
	GlobalSection(SolutionProperties) = preSolution
		HideSolutionNode = FALSE
	EndGlobalSection
	GlobalSection(ExtensibilityGlobals) = postSolution
		SolutionGuid = {78BE15DF-228E-429D-813A-8B6175E81281}
	EndGlobalSection
EndGlobal
