
Microsoft Visual Studio Solution File, Format Version 12.00
# Visual Studio Version 17
VisualStudioVersion = 17.11.35327.3
MinimumVisualStudioVersion = 10.0.40219.1
Project("{FAE04EC0-301F-11D3-BF4B-00C04F79EFBC}") = "Assignment Part 5", "Assignment Part 5\Assignment Part 5.csproj", "{21DD1F59-7B5E-4BD3-BC1D-9CF6C7B0933A}"
EndProject
Global
	GlobalSection(SolutionConfigurationPlatforms) = preSolution
		Debug|Any CPU = Debug|Any CPU
		Release|Any CPU = Release|Any CPU
	EndGlobalSection
	GlobalSection(ProjectConfigurationPlatforms) = postSolution
		{21DD1F59-7B5E-4BD3-BC1D-9CF6C7B0933A}.Debug|Any CPU.ActiveCfg = Debug|Any CPU
		{21DD1F59-7B5E-4BD3-BC1D-9CF6C7B0933A}.Debug|Any CPU.Build.0 = Debug|Any CPU
		{21DD1F59-7B5E-4BD3-BC1D-9CF6C7B0933A}.Release|Any CPU.ActiveCfg = Release|Any CPU
		{21DD1F59-7B5E-4BD3-BC1D-9CF6C7B0933A}.Release|Any CPU.Build.0 = Release|Any CPU
	EndGlobalSection
	GlobalSection(SolutionProperties) = preSolution
		HideSolutionNode = FALSE
	EndGlobalSection
	GlobalSection(ExtensibilityGlobals) = postSolution
		SolutionGuid = {0AF0AA4C-B399-47C3-B893-CC55EC3991DE}
	EndGlobalSection
EndGlobal
